// !$*UTF8*$!
{
	archiveVersion = 1;
	classes = {
	};
	objectVersion = 42;
	objects = {

/* Begin PBXBuildFile section */
		8D11072D0486CEB800E47090 /* main.m in Sources */ = {isa = PBXBuildFile; fileRef = 29B97316FDCFA39411CA2CEA /* main.m */; settings = {ATTRIBUTES = (); }; };
		8D11072F0486CEB800E47090 /* Cocoa.framework in Frameworks */ = {isa = PBXBuildFile; fileRef = 1058C7A1FEA54F0111CA2CBB /* Cocoa.framework */; };
		B70F1B480B06B3AC00A15771 /* BugIcon.icns in Resources */ = {isa = PBXBuildFile; fileRef = B70F1B470B06B3AC00A15771 /* BugIcon.icns */; };
		B7116EFF0C0497E1007D86E6 /* Growl.framework in Frameworks */ = {isa = PBXBuildFile; fileRef = B7116EFE0C0497E1007D86E6 /* Growl.framework */; };
		B7116F830C0497EC007D86E6 /* Growl.framework in CopyFiles */ = {isa = PBXBuildFile; fileRef = B7116EFE0C0497E1007D86E6 /* Growl.framework */; };
		B714EA050B06FA460039B548 /* Carbon.framework in Frameworks */ = {isa = PBXBuildFile; fileRef = B714EA040B06FA460039B548 /* Carbon.framework */; };
		B7229FA60B30E0270042F6C9 /* MDPowerNotifications.c in Sources */ = {isa = PBXBuildFile; fileRef = B7229FA40B30E0270042F6C9 /* MDPowerNotifications.c */; };
		B76B253A1067255300204670 /* NSMenuItem+BucknellBug.m in Sources */ = {isa = PBXBuildFile; fileRef = B76B25391067255300204670 /* NSMenuItem+BucknellBug.m */; };
		B76B257210672BB400204670 /* NSDate+BucknellBug.m in Sources */ = {isa = PBXBuildFile; fileRef = B76B257110672BB400204670 /* NSDate+BucknellBug.m */; };
		B76B25D6106736AB00204670 /* NSTimer+BucknellBug.m in Sources */ = {isa = PBXBuildFile; fileRef = B76B25D5106736AB00204670 /* NSTimer+BucknellBug.m */; };
		B77105340AF7BF8D00FA66C0 /* BBApplication.m in Sources */ = {isa = PBXBuildFile; fileRef = B77105320AF7BF8D00FA66C0 /* BBApplication.m */; };
		B784DA40105DD7D000D90D8F /* MainMenu.xib in Resources */ = {isa = PBXBuildFile; fileRef = B784DA3E105DD7D000D90D8F /* MainMenu.xib */; };
		B784DA59105DD89D00D90D8F /* Help in Resources */ = {isa = PBXBuildFile; fileRef = B784DA4E105DD89D00D90D8F /* Help */; };
		B784DA61105DD8F100D90D8F /* InfoPlist.strings in Resources */ = {isa = PBXBuildFile; fileRef = B784DA5F105DD8F100D90D8F /* InfoPlist.strings */; };
		B784DA64105DD90100D90D8F /* Localizable.strings in Resources */ = {isa = PBXBuildFile; fileRef = B784DA62105DD90100D90D8F /* Localizable.strings */; };
		B78679AF105E7FED0070B84E /* statusmenu.png in Resources */ = {isa = PBXBuildFile; fileRef = B78679AE105E7FED0070B84E /* statusmenu.png */; };
		B788AFD61172102D000629D3 /* MDReachability.m in Sources */ = {isa = PBXBuildFile; fileRef = B788AFD51172102D000629D3 /* MDReachability.m */; };
		B7A221310C00A24A00869E48 /* SystemConfiguration.framework in Frameworks */ = {isa = PBXBuildFile; fileRef = B7A221300C00A24A00869E48 /* SystemConfiguration.framework */; };
		B7AF8E090B35B47B00C54EC1 /* IOKit.framework in Frameworks */ = {isa = PBXBuildFile; fileRef = B7AF8E080B35B47B00C54EC1 /* IOKit.framework */; };
		B7B5F82B0B797EBE0039A7CE /* Credits.rtf in Resources */ = {isa = PBXBuildFile; fileRef = B7B5F8290B797EBE0039A7CE /* Credits.rtf */; };
		B7C854490AF6FEB90039D98F /* BBDataParser.m in Sources */ = {isa = PBXBuildFile; fileRef = B7C854480AF6FEB90039D98F /* BBDataParser.m */; };
/* End PBXBuildFile section */

/* Begin PBXBuildRule section */
		B731D98C118212D900C4A7FB /* PBXBuildRule */ = {
			isa = PBXBuildRule;
			compilerSpec = com.apple.compilers.gcc.4_0;
			fileType = sourcecode.c;
			isEditable = 1;
			outputFiles = (
			);
		};
/* End PBXBuildRule section */

/* Begin PBXCopyFilesBuildPhase section */
		B723B8B50AF7B2D100B9CD62 /* CopyFiles */ = {
			isa = PBXCopyFilesBuildPhase;
			buildActionMask = 2147483647;
			dstPath = "";
			dstSubfolderSpec = 10;
			files = (
				B7116F830C0497EC007D86E6 /* Growl.framework in CopyFiles */,
			);
			runOnlyForDeploymentPostprocessing = 0;
		};
/* End PBXCopyFilesBuildPhase section */

/* Begin PBXFileReference section */
		1058C7A1FEA54F0111CA2CBB /* Cocoa.framework */ = {isa = PBXFileReference; lastKnownFileType = wrapper.framework; name = Cocoa.framework; path = /System/Library/Frameworks/Cocoa.framework; sourceTree = "<absolute>"; };
		29B97316FDCFA39411CA2CEA /* main.m */ = {isa = PBXFileReference; fileEncoding = 4; lastKnownFileType = sourcecode.c.objc; name = main.m; path = Source/main.m; sourceTree = "<group>"; };
		29B97324FDCFA39411CA2CEA /* AppKit.framework */ = {isa = PBXFileReference; lastKnownFileType = wrapper.framework; name = AppKit.framework; path = /System/Library/Frameworks/AppKit.framework; sourceTree = "<absolute>"; };
		29B97325FDCFA39411CA2CEA /* Foundation.framework */ = {isa = PBXFileReference; lastKnownFileType = wrapper.framework; name = Foundation.framework; path = /System/Library/Frameworks/Foundation.framework; sourceTree = "<absolute>"; };
		32CA4F630368D1EE00C91783 /* BucknellBug.pch */ = {isa = PBXFileReference; fileEncoding = 4; lastKnownFileType = sourcecode.c.h; name = BucknellBug.pch; path = Resources/BucknellBug.pch; sourceTree = "<group>"; };
		8D1107310486CEB800E47090 /* Info.plist */ = {isa = PBXFileReference; fileEncoding = 4; lastKnownFileType = text.plist.xml; name = Info.plist; path = Resources/Info.plist; sourceTree = "<group>"; };
		8D1107320486CEB800E47090 /* BucknellBug.app */ = {isa = PBXFileReference; explicitFileType = wrapper.application; includeInIndex = 0; path = BucknellBug.app; sourceTree = BUILT_PRODUCTS_DIR; };
		B70F1B470B06B3AC00A15771 /* BugIcon.icns */ = {isa = PBXFileReference; lastKnownFileType = image.icns; name = BugIcon.icns; path = Resources/BugIcon.icns; sourceTree = "<group>"; };
		B7116EFE0C0497E1007D86E6 /* Growl.framework */ = {isa = PBXFileReference; lastKnownFileType = wrapper.framework; name = Growl.framework; path = Frameworks/Growl.framework; sourceTree = "<group>"; };
		B714EA040B06FA460039B548 /* Carbon.framework */ = {isa = PBXFileReference; lastKnownFileType = wrapper.framework; name = Carbon.framework; path = /System/Library/Frameworks/Carbon.framework; sourceTree = "<absolute>"; };
		B7229FA30B30E0270042F6C9 /* MDPowerNotifications.h */ = {isa = PBXFileReference; fileEncoding = 4; lastKnownFileType = sourcecode.c.h; name = MDPowerNotifications.h; path = Source/MDPowerNotifications.h; sourceTree = "<group>"; };
		B7229FA40B30E0270042F6C9 /* MDPowerNotifications.c */ = {isa = PBXFileReference; fileEncoding = 4; lastKnownFileType = sourcecode.c.c; name = MDPowerNotifications.c; path = Source/MDPowerNotifications.c; sourceTree = "<group>"; };
		B76B25381067255300204670 /* NSMenuItem+BucknellBug.h */ = {isa = PBXFileReference; fileEncoding = 4; lastKnownFileType = sourcecode.c.h; name = "NSMenuItem+BucknellBug.h"; path = "Source/NSMenuItem+BucknellBug.h"; sourceTree = "<group>"; };
		B76B25391067255300204670 /* NSMenuItem+BucknellBug.m */ = {isa = PBXFileReference; fileEncoding = 4; lastKnownFileType = sourcecode.c.objc; name = "NSMenuItem+BucknellBug.m"; path = "Source/NSMenuItem+BucknellBug.m"; sourceTree = "<group>"; };
		B76B257010672BB400204670 /* NSDate+BucknellBug.h */ = {isa = PBXFileReference; fileEncoding = 4; lastKnownFileType = sourcecode.c.h; name = "NSDate+BucknellBug.h"; path = "Source/NSDate+BucknellBug.h"; sourceTree = "<group>"; };
		B76B257110672BB400204670 /* NSDate+BucknellBug.m */ = {isa = PBXFileReference; fileEncoding = 4; lastKnownFileType = sourcecode.c.objc; name = "NSDate+BucknellBug.m"; path = "Source/NSDate+BucknellBug.m"; sourceTree = "<group>"; };
		B76B25D4106736AB00204670 /* NSTimer+BucknellBug.h */ = {isa = PBXFileReference; fileEncoding = 4; lastKnownFileType = sourcecode.c.h; name = "NSTimer+BucknellBug.h"; path = "Source/NSTimer+BucknellBug.h"; sourceTree = "<group>"; };
		B76B25D5106736AB00204670 /* NSTimer+BucknellBug.m */ = {isa = PBXFileReference; fileEncoding = 4; lastKnownFileType = sourcecode.c.objc; name = "NSTimer+BucknellBug.m"; path = "Source/NSTimer+BucknellBug.m"; sourceTree = "<group>"; };
		B77105310AF7BF8D00FA66C0 /* BBApplication.h */ = {isa = PBXFileReference; fileEncoding = 4; lastKnownFileType = sourcecode.c.h; name = BBApplication.h; path = Source/BBApplication.h; sourceTree = "<group>"; };
		B77105320AF7BF8D00FA66C0 /* BBApplication.m */ = {isa = PBXFileReference; fileEncoding = 4; lastKnownFileType = sourcecode.c.objc; name = BBApplication.m; path = Source/BBApplication.m; sourceTree = "<group>"; };
		B784DA3F105DD7D000D90D8F /* English */ = {isa = PBXFileReference; lastKnownFileType = file.xib; name = English; path = Languages/English.lproj/MainMenu.xib; sourceTree = "<group>"; };
		B784DA4C105DD85E00D90D8F /* English */ = {isa = PBXFileReference; lastKnownFileType = text.rtf; name = English; path = Languages/English.lproj/Credits.rtf; sourceTree = "<group>"; };
		B784DA4F105DD89D00D90D8F /* English */ = {isa = PBXFileReference; lastKnownFileType = folder; name = English; path = Languages/English.lproj/Help; sourceTree = "<group>"; };
		B784DA60105DD8F100D90D8F /* English */ = {isa = PBXFileReference; fileEncoding = 4; lastKnownFileType = text.plist.strings; name = English; path = Languages/English.lproj/InfoPlist.strings; sourceTree = "<group>"; };
		B784DA63105DD90100D90D8F /* English */ = {isa = PBXFileReference; fileEncoding = 4; lastKnownFileType = text.plist.strings; name = English; path = Languages/English.lproj/Localizable.strings; sourceTree = "<group>"; };
		B78679AE105E7FED0070B84E /* statusmenu.png */ = {isa = PBXFileReference; lastKnownFileType = image.png; name = statusmenu.png; path = Resources/statusmenu.png; sourceTree = "<group>"; };
		B788AFD41172102D000629D3 /* MDReachability.h */ = {isa = PBXFileReference; fileEncoding = 4; lastKnownFileType = sourcecode.c.h; name = MDReachability.h; path = Source/MDReachability.h; sourceTree = "<group>"; };
		B788AFD51172102D000629D3 /* MDReachability.m */ = {isa = PBXFileReference; fileEncoding = 4; lastKnownFileType = sourcecode.c.objc; name = MDReachability.m; path = Source/MDReachability.m; sourceTree = "<group>"; };
		B7A221300C00A24A00869E48 /* SystemConfiguration.framework */ = {isa = PBXFileReference; lastKnownFileType = wrapper.framework; name = SystemConfiguration.framework; path = /System/Library/Frameworks/SystemConfiguration.framework; sourceTree = "<absolute>"; };
		B7AF8E080B35B47B00C54EC1 /* IOKit.framework */ = {isa = PBXFileReference; lastKnownFileType = wrapper.framework; name = IOKit.framework; path = /System/Library/Frameworks/IOKit.framework; sourceTree = "<absolute>"; };
		B7C854470AF6FEB90039D98F /* BBDataParser.h */ = {isa = PBXFileReference; fileEncoding = 4; lastKnownFileType = sourcecode.c.h; name = BBDataParser.h; path = Source/BBDataParser.h; sourceTree = "<group>"; };
		B7C854480AF6FEB90039D98F /* BBDataParser.m */ = {isa = PBXFileReference; fileEncoding = 4; lastKnownFileType = sourcecode.c.objc; name = BBDataParser.m; path = Source/BBDataParser.m; sourceTree = "<group>"; };
/* End PBXFileReference section */

/* Begin PBXFrameworksBuildPhase section */
		8D11072E0486CEB800E47090 /* Frameworks */ = {
			isa = PBXFrameworksBuildPhase;
			buildActionMask = 2147483647;
			files = (
				8D11072F0486CEB800E47090 /* Cocoa.framework in Frameworks */,
				B714EA050B06FA460039B548 /* Carbon.framework in Frameworks */,
				B7AF8E090B35B47B00C54EC1 /* IOKit.framework in Frameworks */,
				B7A221310C00A24A00869E48 /* SystemConfiguration.framework in Frameworks */,
				B7116EFF0C0497E1007D86E6 /* Growl.framework in Frameworks */,
			);
			runOnlyForDeploymentPostprocessing = 0;
		};
/* End PBXFrameworksBuildPhase section */

/* Begin PBXGroup section */
		19C28FACFE9D520D11CA2CBB /* Products */ = {
			isa = PBXGroup;
			children = (
				8D1107320486CEB800E47090 /* BucknellBug.app */,
			);
			name = Products;
			sourceTree = "<group>";
		};
		29B97314FDCFA39411CA2CEA /* BucknellBug */ = {
			isa = PBXGroup;
			children = (
				B7C8539B0AF6FC300039D98F /* Interface */,
				B7C854460AF6FE990039D98F /* Core */,
				B76B25371067254000204670 /* Additions */,
				29B97317FDCFA39411CA2CEA /* Resources */,
				B79680E0106A84BC00699CB9 /* Other Sources */,
				29B97323FDCFA39411CA2CEA /* Frameworks */,
				19C28FACFE9D520D11CA2CBB /* Products */,
			);
			name = BucknellBug;
			sourceTree = "<group>";
		};
		29B97317FDCFA39411CA2CEA /* Resources */ = {
			isa = PBXGroup;
			children = (
				B70F1B470B06B3AC00A15771 /* BugIcon.icns */,
				B7B5F8290B797EBE0039A7CE /* Credits.rtf */,
				B784DA4E105DD89D00D90D8F /* Help */,
				8D1107310486CEB800E47090 /* Info.plist */,
				B784DA5F105DD8F100D90D8F /* InfoPlist.strings */,
				B784DA62105DD90100D90D8F /* Localizable.strings */,
				B78679AE105E7FED0070B84E /* statusmenu.png */,
			);
			name = Resources;
			sourceTree = "<group>";
		};
		29B97323FDCFA39411CA2CEA /* Frameworks */ = {
			isa = PBXGroup;
			children = (
				29B97324FDCFA39411CA2CEA /* AppKit.framework */,
				B714EA040B06FA460039B548 /* Carbon.framework */,
				1058C7A1FEA54F0111CA2CBB /* Cocoa.framework */,
				29B97325FDCFA39411CA2CEA /* Foundation.framework */,
				B7116EFE0C0497E1007D86E6 /* Growl.framework */,
				B7AF8E080B35B47B00C54EC1 /* IOKit.framework */,
				B7A221300C00A24A00869E48 /* SystemConfiguration.framework */,
			);
			name = Frameworks;
			sourceTree = "<group>";
		};
		B76B25371067254000204670 /* Additions */ = {
			isa = PBXGroup;
			children = (
				B76B257010672BB400204670 /* NSDate+BucknellBug.h */,
				B76B257110672BB400204670 /* NSDate+BucknellBug.m */,
				B76B25381067255300204670 /* NSMenuItem+BucknellBug.h */,
				B76B25391067255300204670 /* NSMenuItem+BucknellBug.m */,
				B76B25D4106736AB00204670 /* NSTimer+BucknellBug.h */,
				B76B25D5106736AB00204670 /* NSTimer+BucknellBug.m */,
			);
			name = Additions;
			sourceTree = "<group>";
		};
		B79680E0106A84BC00699CB9 /* Other Sources */ = {
			isa = PBXGroup;
			children = (
				32CA4F630368D1EE00C91783 /* BucknellBug.pch */,
				29B97316FDCFA39411CA2CEA /* main.m */,
			);
			name = "Other Sources";
			sourceTree = "<group>";
		};
		B7C8539B0AF6FC300039D98F /* Interface */ = {
			isa = PBXGroup;
			children = (
				B77105310AF7BF8D00FA66C0 /* BBApplication.h */,
				B77105320AF7BF8D00FA66C0 /* BBApplication.m */,
				B784DA3E105DD7D000D90D8F /* MainMenu.xib */,
			);
			name = Interface;
			sourceTree = "<group>";
		};
		B7C854460AF6FE990039D98F /* Core */ = {
			isa = PBXGroup;
			children = (
				B7C854470AF6FEB90039D98F /* BBDataParser.h */,
				B7C854480AF6FEB90039D98F /* BBDataParser.m */,
				B788AFD41172102D000629D3 /* MDReachability.h */,
				B788AFD51172102D000629D3 /* MDReachability.m */,
				B7229FA30B30E0270042F6C9 /* MDPowerNotifications.h */,
				B7229FA40B30E0270042F6C9 /* MDPowerNotifications.c */,
			);
			name = Core;
			sourceTree = "<group>";
		};
/* End PBXGroup section */

/* Begin PBXNativeTarget section */
		8D1107260486CEB800E47090 /* BucknellBug */ = {
			isa = PBXNativeTarget;
			buildConfigurationList = C01FCF4A08A954540054247B /* Build configuration list for PBXNativeTarget "BucknellBug" */;
			buildPhases = (
				8D1107290486CEB800E47090 /* Resources */,
				8D11072C0486CEB800E47090 /* Sources */,
				B723B8B50AF7B2D100B9CD62 /* CopyFiles */,
				8D11072E0486CEB800E47090 /* Frameworks */,
			);
			buildRules = (
				B731D98C118212D900C4A7FB /* PBXBuildRule */,
			);
			dependencies = (
			);
			name = BucknellBug;
			productInstallPath = "$(HOME)/Applications";
			productName = BucknellBug;
			productReference = 8D1107320486CEB800E47090 /* BucknellBug.app */;
			productType = "com.apple.product-type.application";
		};
/* End PBXNativeTarget section */

/* Begin PBXProject section */
		29B97313FDCFA39411CA2CEA /* Project object */ = {
			isa = PBXProject;
			buildConfigurationList = C01FCF4E08A954540054247B /* Build configuration list for PBXProject "BucknellBug" */;
			compatibilityVersion = "Xcode 2.4";
			hasScannedForEncodings = 1;
			knownRegions = (
				English,
				Japanese,
				French,
				German,
				en,
			);
			mainGroup = 29B97314FDCFA39411CA2CEA /* BucknellBug */;
			projectDirPath = "";
			projectRoot = "";
			targets = (
				8D1107260486CEB800E47090 /* BucknellBug */,
			);
		};
/* End PBXProject section */

/* Begin PBXResourcesBuildPhase section */
		8D1107290486CEB800E47090 /* Resources */ = {
			isa = PBXResourcesBuildPhase;
			buildActionMask = 2147483647;
			files = (
				B70F1B480B06B3AC00A15771 /* BugIcon.icns in Resources */,
				B7B5F82B0B797EBE0039A7CE /* Credits.rtf in Resources */,
				B784DA40105DD7D000D90D8F /* MainMenu.xib in Resources */,
				B784DA59105DD89D00D90D8F /* Help in Resources */,
				B784DA61105DD8F100D90D8F /* InfoPlist.strings in Resources */,
				B784DA64105DD90100D90D8F /* Localizable.strings in Resources */,
				B78679AF105E7FED0070B84E /* statusmenu.png in Resources */,
			);
			runOnlyForDeploymentPostprocessing = 0;
		};
/* End PBXResourcesBuildPhase section */

/* Begin PBXSourcesBuildPhase section */
		8D11072C0486CEB800E47090 /* Sources */ = {
			isa = PBXSourcesBuildPhase;
			buildActionMask = 2147483647;
			files = (
				8D11072D0486CEB800E47090 /* main.m in Sources */,
				B7C854490AF6FEB90039D98F /* BBDataParser.m in Sources */,
				B77105340AF7BF8D00FA66C0 /* BBApplication.m in Sources */,
				B7229FA60B30E0270042F6C9 /* MDPowerNotifications.c in Sources */,
				B76B253A1067255300204670 /* NSMenuItem+BucknellBug.m in Sources */,
				B76B257210672BB400204670 /* NSDate+BucknellBug.m in Sources */,
				B76B25D6106736AB00204670 /* NSTimer+BucknellBug.m in Sources */,
				B788AFD61172102D000629D3 /* MDReachability.m in Sources */,
			);
			runOnlyForDeploymentPostprocessing = 0;
		};
/* End PBXSourcesBuildPhase section */

/* Begin PBXVariantGroup section */
		B784DA3E105DD7D000D90D8F /* MainMenu.xib */ = {
			isa = PBXVariantGroup;
			children = (
				B784DA3F105DD7D000D90D8F /* English */,
			);
			name = MainMenu.xib;
			sourceTree = "<group>";
		};
		B784DA4E105DD89D00D90D8F /* Help */ = {
			isa = PBXVariantGroup;
			children = (
				B784DA4F105DD89D00D90D8F /* English */,
			);
			name = Help;
			sourceTree = "<group>";
		};
		B784DA5F105DD8F100D90D8F /* InfoPlist.strings */ = {
			isa = PBXVariantGroup;
			children = (
				B784DA60105DD8F100D90D8F /* English */,
			);
			name = InfoPlist.strings;
			sourceTree = "<group>";
		};
		B784DA62105DD90100D90D8F /* Localizable.strings */ = {
			isa = PBXVariantGroup;
			children = (
				B784DA63105DD90100D90D8F /* English */,
			);
			name = Localizable.strings;
			sourceTree = "<group>";
		};
		B7B5F8290B797EBE0039A7CE /* Credits.rtf */ = {
			isa = PBXVariantGroup;
			children = (
				B784DA4C105DD85E00D90D8F /* English */,
			);
			name = Credits.rtf;
			sourceTree = "<group>";
		};
/* End PBXVariantGroup section */

/* Begin XCBuildConfiguration section */
		C01FCF4B08A954540054247B /* Debug */ = {
			isa = XCBuildConfiguration;
			buildSettings = {
				ARCHS = "$(NATIVE_ARCH)";
				COPY_PHASE_STRIP = NO;
				CURRENT_PROJECT_VERSION = "";
				FRAMEWORK_SEARCH_PATHS = (
					"$(inherited)",
					"$(SRCROOT)/Frameworks",
				);
				GCC_C_LANGUAGE_STANDARD = "compiler-default";
				GCC_DEBUGGING_SYMBOLS = default;
				GCC_DYNAMIC_NO_PIC = NO;
				GCC_ENABLE_FIX_AND_CONTINUE = YES;
				GCC_MODEL_TUNING = G4;
				GCC_OPTIMIZATION_LEVEL = 0;
				GCC_PRECOMPILE_PREFIX_HEADER = YES;
				GCC_PREFIX_HEADER = Resources/BucknellBug.pch;
				INFOPLIST_FILE = Resources/Info.plist;
				INSTALL_PATH = /Applications;
				ONLY_ACTIVE_ARCH = YES;
				OTHER_CFLAGS = (
					"-D",
					DEBUG_BUILD,
				);
				PRODUCT_NAME = BucknellBug;
				VERSIONING_SYSTEM = "";
				WRAPPER_EXTENSION = app;
			};
			name = Debug;
		};
		C01FCF4C08A954540054247B /* Release */ = {
			isa = XCBuildConfiguration;
			buildSettings = {
				ARCHS = "$(ARCHS_STANDARD_32_BIT_PRE_XCODE_3_1)";
				ARCHS_STANDARD_32_BIT_PRE_XCODE_3_1 = "ppc i386";
				CURRENT_PROJECT_VERSION = "";
				FRAMEWORK_SEARCH_PATHS = (
					"$(inherited)",
					"$(SRCROOT)/Frameworks",
				);
				GCC_C_LANGUAGE_STANDARD = "compiler-default";
				GCC_GENERATE_DEBUGGING_SYMBOLS = NO;
				GCC_MODEL_TUNING = G4;
				GCC_PRECOMPILE_PREFIX_HEADER = YES;
				GCC_PREFIX_HEADER = Resources/BucknellBug.pch;
				GCC_VERSION = 4.0;
				INFOPLIST_FILE = Resources/Info.plist;
				INSTALL_PATH = /Applications;
				PRODUCT_NAME = BucknellBug;
				VERSIONING_SYSTEM = "";
				WRAPPER_EXTENSION = app;
			};
			name = Release;
		};
		C01FCF4F08A954540054247B /* Debug */ = {
			isa = XCBuildConfiguration;
			buildSettings = {
				GCC_WARN_ABOUT_RETURN_TYPE = YES;
				GCC_WARN_UNUSED_VARIABLE = YES;
				PREBINDING = NO;
				SDKROOT = /Developer/SDKs/MacOSX10.4u.sdk;
			};
			name = Debug;
		};
		C01FCF5008A954540054247B /* Release */ = {
			isa = XCBuildConfiguration;
			buildSettings = {
				GCC_WARN_ABOUT_RETURN_TYPE = YES;
				GCC_WARN_UNUSED_VARIABLE = YES;
				PREBINDING = NO;
				SDKROOT = /Developer/SDKs/MacOSX10.4u.sdk;
			};
			name = Release;
		};
/* End XCBuildConfiguration section */

/* Begin XCConfigurationList section */
		C01FCF4A08A954540054247B /* Build configuration list for PBXNativeTarget "BucknellBug" */ = {
			isa = XCConfigurationList;
			buildConfigurations = (
				C01FCF4B08A954540054247B /* Debug */,
				C01FCF4C08A954540054247B /* Release */,
			);
			defaultConfigurationIsVisible = 0;
			defaultConfigurationName = Release;
		};
		C01FCF4E08A954540054247B /* Build configuration list for PBXProject "BucknellBug" */ = {
			isa = XCConfigurationList;
			buildConfigurations = (
				C01FCF4F08A954540054247B /* Debug */,
				C01FCF5008A954540054247B /* Release */,
			);
			defaultConfigurationIsVisible = 0;
			defaultConfigurationName = Release;
		};
/* End XCConfigurationList section */
	};
	rootObject = 29B97313FDCFA39411CA2CEA /* Project object */;
}
